
Microsoft Visual Studio Solution File, Format Version 12.00
# Visual Studio Version 17
VisualStudioVersion = 17.5.001.0
MinimumVisualStudioVersion = 10.0.40219.1
Project("{9A19103F-16F7-4668-BE54-9A1E7A4F7556}") = "Task_2", "Task_2.csproj", "{62512E4F-53A0-4744-B5B9-E7B2558C4D5F}"
EndProject
Global
	GlobalSection(SolutionConfigurationPlatforms) = preSolution
		Debug|Any CPU = Debug|Any CPU
		Release|Any CPU = Release|Any CPU
	EndGlobalSection
	GlobalSection(ProjectConfigurationPlatforms) = postSolution
		{62512E4F-53A0-4744-B5B9-E7B2558C4D5F}.Debug|Any CPU.ActiveCfg = Debug|Any CPU
		{62512E4F-53A0-4744-B5B9-E7B2558C4D5F}.Debug|Any CPU.Build.0 = Debug|Any CPU
		{62512E4F-53A0-4744-B5B9-E7B2558C4D5F}.Release|Any CPU.ActiveCfg = Release|Any CPU
		{62512E4F-53A0-4744-B5B9-E7B2558C4D5F}.Release|Any CPU.Build.0 = Release|Any CPU
	EndGlobalSection
	GlobalSection(SolutionProperties) = preSolution
		HideSolutionNode = FALSE
	EndGlobalSection
	GlobalSection(ExtensibilityGlobals) = postSolution
		SolutionGuid = {B6BBEAE1-7BE7-41C2-8477-ED753AF9B554}
	EndGlobalSection
EndGlobal
