
Microsoft Visual Studio Solution File, Format Version 12.00
# Visual Studio Version 17
VisualStudioVersion = 17.5.001.0
MinimumVisualStudioVersion = 10.0.40219.1
Project("{9A19103F-16F7-4668-BE54-9A1E7A4F7556}") = "Task_2", "Task_2.csproj", "{345F8322-89CC-441A-B550-62F629341E37}"
EndProject
Global
	GlobalSection(SolutionConfigurationPlatforms) = preSolution
		Debug|Any CPU = Debug|Any CPU
		Release|Any CPU = Release|Any CPU
	EndGlobalSection
	GlobalSection(ProjectConfigurationPlatforms) = postSolution
		{345F8322-89CC-441A-B550-62F629341E37}.Debug|Any CPU.ActiveCfg = Debug|Any CPU
		{345F8322-89CC-441A-B550-62F629341E37}.Debug|Any CPU.Build.0 = Debug|Any CPU
		{345F8322-89CC-441A-B550-62F629341E37}.Release|Any CPU.ActiveCfg = Release|Any CPU
		{345F8322-89CC-441A-B550-62F629341E37}.Release|Any CPU.Build.0 = Release|Any CPU
	EndGlobalSection
	GlobalSection(SolutionProperties) = preSolution
		HideSolutionNode = FALSE
	EndGlobalSection
	GlobalSection(ExtensibilityGlobals) = postSolution
		SolutionGuid = {8A1B94B0-2C71-45B4-AAB4-844BDB076DD1}
	EndGlobalSection
EndGlobal
